
Microsoft Visual Studio Solution File, Format Version 12.00
Project("{FAE04EC0-301F-11D3-BF4B-00C04F79EFBC}") = "Day1", "Day1\Day1.csproj", "{D29AC438-5E53-4A8E-B369-26F06ABB1AAA}"
EndProject
Project("{FAE04EC0-301F-11D3-BF4B-00C04F79EFBC}") = "Day1.2", "Day1.2\Day1.2.csproj", "{6E18CF5D-60E3-4C46-B893-086D4287A37C}"
EndProject
Project("{FAE04EC0-301F-11D3-BF4B-00C04F79EFBC}") = "Day2", "Day2\Day2.csproj", "{39561E0F-0F6F-4361-88E6-37459DB923FE}"
EndProject
Project("{FAE04EC0-301F-11D3-BF4B-00C04F79EFBC}") = "Day2.2", "Day2.2\Day2.2.csproj", "{5D6D8328-8BE6-4366-AC25-41C32B38BC43}"
EndProject
Project("{FAE04EC0-301F-11D3-BF4B-00C04F79EFBC}") = "Day3", "Day3\Day3.csproj", "{A0250D5A-713F-445C-A64E-CD7409B5FCAF}"
EndProject
Project("{FAE04EC0-301F-11D3-BF4B-00C04F79EFBC}") = "Day3.2", "Day3.2\Day3.2.csproj", "{84FFC6EB-63E9-4FBB-BCF6-869C72F2AE58}"
EndProject
Project("{2150E333-8FDC-42A3-9474-1A3956D46DE8}") = "Solution Items", "Solution Items", "{75A09E80-919B-44A4-8487-625B53347711}"
	ProjectSection(SolutionItems) = preProject
		README.md = README.md
	EndProjectSection
EndProject
Project("{FAE04EC0-301F-11D3-BF4B-00C04F79EFBC}") = "Day4", "Day4\Day4.csproj", "{031409A5-B24E-4A40-9E05-B94D1B493778}"
EndProject
Project("{FAE04EC0-301F-11D3-BF4B-00C04F79EFBC}") = "Day4.2", "Day4.2\Day4.2.csproj", "{43024332-21A0-4905-9A7E-292D3943BC5B}"
EndProject
Global
	GlobalSection(SolutionConfigurationPlatforms) = preSolution
		Debug|Any CPU = Debug|Any CPU
		Release|Any CPU = Release|Any CPU
	EndGlobalSection
	GlobalSection(ProjectConfigurationPlatforms) = postSolution
		{D29AC438-5E53-4A8E-B369-26F06ABB1AAA}.Debug|Any CPU.ActiveCfg = Debug|Any CPU
		{D29AC438-5E53-4A8E-B369-26F06ABB1AAA}.Debug|Any CPU.Build.0 = Debug|Any CPU
		{D29AC438-5E53-4A8E-B369-26F06ABB1AAA}.Release|Any CPU.ActiveCfg = Release|Any CPU
		{D29AC438-5E53-4A8E-B369-26F06ABB1AAA}.Release|Any CPU.Build.0 = Release|Any CPU
		{6E18CF5D-60E3-4C46-B893-086D4287A37C}.Debug|Any CPU.ActiveCfg = Debug|Any CPU
		{6E18CF5D-60E3-4C46-B893-086D4287A37C}.Debug|Any CPU.Build.0 = Debug|Any CPU
		{6E18CF5D-60E3-4C46-B893-086D4287A37C}.Release|Any CPU.ActiveCfg = Release|Any CPU
		{6E18CF5D-60E3-4C46-B893-086D4287A37C}.Release|Any CPU.Build.0 = Release|Any CPU
		{39561E0F-0F6F-4361-88E6-37459DB923FE}.Debug|Any CPU.ActiveCfg = Debug|Any CPU
		{39561E0F-0F6F-4361-88E6-37459DB923FE}.Debug|Any CPU.Build.0 = Debug|Any CPU
		{39561E0F-0F6F-4361-88E6-37459DB923FE}.Release|Any CPU.ActiveCfg = Release|Any CPU
		{39561E0F-0F6F-4361-88E6-37459DB923FE}.Release|Any CPU.Build.0 = Release|Any CPU
		{5D6D8328-8BE6-4366-AC25-41C32B38BC43}.Debug|Any CPU.ActiveCfg = Debug|Any CPU
		{5D6D8328-8BE6-4366-AC25-41C32B38BC43}.Debug|Any CPU.Build.0 = Debug|Any CPU
		{5D6D8328-8BE6-4366-AC25-41C32B38BC43}.Release|Any CPU.ActiveCfg = Release|Any CPU
		{5D6D8328-8BE6-4366-AC25-41C32B38BC43}.Release|Any CPU.Build.0 = Release|Any CPU
		{A0250D5A-713F-445C-A64E-CD7409B5FCAF}.Debug|Any CPU.ActiveCfg = Debug|Any CPU
		{A0250D5A-713F-445C-A64E-CD7409B5FCAF}.Debug|Any CPU.Build.0 = Debug|Any CPU
		{A0250D5A-713F-445C-A64E-CD7409B5FCAF}.Release|Any CPU.ActiveCfg = Release|Any CPU
		{A0250D5A-713F-445C-A64E-CD7409B5FCAF}.Release|Any CPU.Build.0 = Release|Any CPU
		{84FFC6EB-63E9-4FBB-BCF6-869C72F2AE58}.Debug|Any CPU.ActiveCfg = Debug|Any CPU
		{84FFC6EB-63E9-4FBB-BCF6-869C72F2AE58}.Debug|Any CPU.Build.0 = Debug|Any CPU
		{84FFC6EB-63E9-4FBB-BCF6-869C72F2AE58}.Release|Any CPU.ActiveCfg = Release|Any CPU
		{84FFC6EB-63E9-4FBB-BCF6-869C72F2AE58}.Release|Any CPU.Build.0 = Release|Any CPU
		{031409A5-B24E-4A40-9E05-B94D1B493778}.Debug|Any CPU.ActiveCfg = Debug|Any CPU
		{031409A5-B24E-4A40-9E05-B94D1B493778}.Debug|Any CPU.Build.0 = Debug|Any CPU
		{031409A5-B24E-4A40-9E05-B94D1B493778}.Release|Any CPU.ActiveCfg = Release|Any CPU
		{031409A5-B24E-4A40-9E05-B94D1B493778}.Release|Any CPU.Build.0 = Release|Any CPU
		{43024332-21A0-4905-9A7E-292D3943BC5B}.Debug|Any CPU.ActiveCfg = Debug|Any CPU
		{43024332-21A0-4905-9A7E-292D3943BC5B}.Debug|Any CPU.Build.0 = Debug|Any CPU
		{43024332-21A0-4905-9A7E-292D3943BC5B}.Release|Any CPU.ActiveCfg = Release|Any CPU
		{43024332-21A0-4905-9A7E-292D3943BC5B}.Release|Any CPU.Build.0 = Release|Any CPU
	EndGlobalSection
EndGlobal
